
Microsoft Visual Studio Solution File, Format Version 12.00
# Visual Studio 15
VisualStudioVersion = 15.0.27703.2000
MinimumVisualStudioVersion = 10.0.40219.1
Project("{FAE04EC0-301F-11D3-BF4B-00C04F79EFBC}") = "Digitaco.Jobs", "Digitaco.Jobs\Digitaco.Jobs.csproj", "{4DA412A7-4A97-4EAF-92FC-FDC3CC345D5A}"
EndProject
Project("{E53339B2-1760-4266-BCC7-CA923CBCF16C}") = "docker-compose", "docker-compose.dcproj", "{298099AB-0579-467E-A945-0D05A7375FF0}"
EndProject
Global
	GlobalSection(SolutionConfigurationPlatforms) = preSolution
		Debug|Any CPU = Debug|Any CPU
		Release|Any CPU = Release|Any CPU
	EndGlobalSection
	GlobalSection(ProjectConfigurationPlatforms) = postSolution
		{4DA412A7-4A97-4EAF-92FC-FDC3CC345D5A}.Debug|Any CPU.ActiveCfg = Debug|Any CPU
		{4DA412A7-4A97-4EAF-92FC-FDC3CC345D5A}.Debug|Any CPU.Build.0 = Debug|Any CPU
		{4DA412A7-4A97-4EAF-92FC-FDC3CC345D5A}.Release|Any CPU.ActiveCfg = Release|Any CPU
		{4DA412A7-4A97-4EAF-92FC-FDC3CC345D5A}.Release|Any CPU.Build.0 = Release|Any CPU
		{298099AB-0579-467E-A945-0D05A7375FF0}.Debug|Any CPU.ActiveCfg = Debug|Any CPU
		{298099AB-0579-467E-A945-0D05A7375FF0}.Debug|Any CPU.Build.0 = Debug|Any CPU
		{298099AB-0579-467E-A945-0D05A7375FF0}.Release|Any CPU.ActiveCfg = Release|Any CPU
		{298099AB-0579-467E-A945-0D05A7375FF0}.Release|Any CPU.Build.0 = Release|Any CPU
	EndGlobalSection
	GlobalSection(SolutionProperties) = preSolution
		HideSolutionNode = FALSE
	EndGlobalSection
	GlobalSection(ExtensibilityGlobals) = postSolution
		SolutionGuid = {8D8FA28F-9D8B-4D44-BF1E-DFD295DE055D}
	EndGlobalSection
EndGlobal
